{
  "name": "just-recordings",
  "version": "0.0.1",
  "lockfileVersion": 3,
  "requires": true,
  "packages": {
    "": {
      "name": "just-recordings",
      "version": "0.0.1",
      "workspaces": [
        "packages/*"
      ],
      "engines": {
        "node": ">=18.0.0"
      }
    },
    "node_modules/@just-recordings/api": {
      "resolved": "packages/api",
      "link": true
    },
    "node_modules/@just-recordings/web": {
      "resolved": "packages/web",
      "link": true
    },
    "packages/api": {
      "name": "@just-recordings/api",
      "version": "0.0.1"
    },
    "packages/web": {
      "name": "@just-recordings/web",
      "version": "0.0.1"
    }
  }
}
